// !$*UTF8*$!
{
	archiveVersion = 1;
	classes = {
	};
	objectVersion = 77;
	objects = {

/* Begin PBXBuildFile section */
		E08E819E2E736DF000FC8974 /* FirebaseAnalyticsCore in Frameworks */ = {isa = PBXBuildFile; productRef = E08E819D2E736DF000FC8974 /* FirebaseAnalyticsCore */; };
		E08E81A02E736DF000FC8974 /* FirebaseAnalyticsIdentitySupport in Frameworks */ = {isa = PBXBuildFile; productRef = E08E819F2E736DF000FC8974 /* FirebaseAnalyticsIdentitySupport */; };
		E08E81A22E736DF000FC8974 /* FirebaseAuth in Frameworks */ = {isa = PBXBuildFile; productRef = E08E81A12E736DF000FC8974 /* FirebaseAuth */; };
		E08E81A42E736DF000FC8974 /* FirebaseCore in Frameworks */ = {isa = PBXBuildFile; productRef = E08E81A32E736DF000FC8974 /* FirebaseCore */; };
		E08E81A62E736DF000FC8974 /* FirebaseCrashlytics in Frameworks */ = {isa = PBXBuildFile; productRef = E08E81A52E736DF000FC8974 /* FirebaseCrashlytics */; };
		E08E81A82E736DF000FC8974 /* FirebaseFirestore in Frameworks */ = {isa = PBXBuildFile; productRef = E08E81A72E736DF000FC8974 /* FirebaseFirestore */; };
		E08E81AA2E736DF000FC8974 /* FirebaseStorage in Frameworks */ = {isa = PBXBuildFile; productRef = E08E81A92E736DF000FC8974 /* FirebaseStorage */; };
		E0F259182E7884200094D14C /* FirebaseCore in Frameworks */ = {isa = PBXBuildFile; productRef = E0F259172E7884200094D14C /* FirebaseCore */; };
		E0F2591A2E7884200094D14C /* FirebaseFirestore in Frameworks */ = {isa = PBXBuildFile; productRef = E0F259192E7884200094D14C /* FirebaseFirestore */; };
/* End PBXBuildFile section */

/* Begin PBXContainerItemProxy section */
		E090AF5D2E189515008AC21A /* PBXContainerItemProxy */ = {
			isa = PBXContainerItemProxy;
			containerPortal = E090AF462E189514008AC21A /* Project object */;
			proxyType = 1;
			remoteGlobalIDString = E090AF4D2E189514008AC21A;
			remoteInfo = FranAlonsoIA;
		};
		E090AF672E189515008AC21A /* PBXContainerItemProxy */ = {
			isa = PBXContainerItemProxy;
			containerPortal = E090AF462E189514008AC21A /* Project object */;
			proxyType = 1;
			remoteGlobalIDString = E090AF4D2E189514008AC21A;
			remoteInfo = FranAlonsoIA;
		};
/* End PBXContainerItemProxy section */

/* Begin PBXFileReference section */
		E090AF4E2E189514008AC21A /* FranAlonsoIA.app */ = {isa = PBXFileReference; explicitFileType = wrapper.application; includeInIndex = 0; path = FranAlonsoIA.app; sourceTree = BUILT_PRODUCTS_DIR; };
		E090AF5C2E189515008AC21A /* FranAlonsoIATests.xctest */ = {isa = PBXFileReference; explicitFileType = wrapper.cfbundle; includeInIndex = 0; path = FranAlonsoIATests.xctest; sourceTree = BUILT_PRODUCTS_DIR; };
		E090AF662E189515008AC21A /* FranAlonsoIAUITests.xctest */ = {isa = PBXFileReference; explicitFileType = wrapper.cfbundle; includeInIndex = 0; path = FranAlonsoIAUITests.xctest; sourceTree = BUILT_PRODUCTS_DIR; };
/* End PBXFileReference section */

/* Begin PBXFileSystemSynchronizedBuildFileExceptionSet section */
		E0F8290A2E78873D00E60F59 /* Exceptions for "FranAlonsoIA" folder in "FranAlonsoIATests" target */ = {
			isa = PBXFileSystemSynchronizedBuildFileExceptionSet;
			membershipExceptions = (
				Data/Firestore/FakeClientRepository.swift,
				Domain/Model/Client.swift,
				Domain/Repository/ClientRepository.swift,
				Domain/UseCase/GetClientsUseCase.swift,
			);
			target = E090AF5B2E189515008AC21A /* FranAlonsoIATests */;
		};
/* End PBXFileSystemSynchronizedBuildFileExceptionSet section */

/* Begin PBXFileSystemSynchronizedRootGroup section */
		E090AF502E189514008AC21A /* FranAlonsoIA */ = {
			isa = PBXFileSystemSynchronizedRootGroup;
			exceptions = (
				E0F8290A2E78873D00E60F59 /* Exceptions for "FranAlonsoIA" folder in "FranAlonsoIATests" target */,
			);
			path = FranAlonsoIA;
			sourceTree = "<group>";
		};
		E090AF5F2E189515008AC21A /* FranAlonsoIATests */ = {
			isa = PBXFileSystemSynchronizedRootGroup;
			path = FranAlonsoIATests;
			sourceTree = "<group>";
		};
		E090AF692E189515008AC21A /* FranAlonsoIAUITests */ = {
			isa = PBXFileSystemSynchronizedRootGroup;
			path = FranAlonsoIAUITests;
			sourceTree = "<group>";
		};
/* End PBXFileSystemSynchronizedRootGroup section */

/* Begin PBXFrameworksBuildPhase section */
		E090AF4B2E189514008AC21A /* Frameworks */ = {
			isa = PBXFrameworksBuildPhase;
			buildActionMask = 2147483647;
			files = (
				E08E81A02E736DF000FC8974 /* FirebaseAnalyticsIdentitySupport in Frameworks */,
				E08E81A22E736DF000FC8974 /* FirebaseAuth in Frameworks */,
				E08E81A62E736DF000FC8974 /* FirebaseCrashlytics in Frameworks */,
				E08E81A42E736DF000FC8974 /* FirebaseCore in Frameworks */,
				E08E81AA2E736DF000FC8974 /* FirebaseStorage in Frameworks */,
				E08E819E2E736DF000FC8974 /* FirebaseAnalyticsCore in Frameworks */,
				E08E81A82E736DF000FC8974 /* FirebaseFirestore in Frameworks */,
			);
			runOnlyForDeploymentPostprocessing = 0;
		};
		E090AF592E189515008AC21A /* Frameworks */ = {
			isa = PBXFrameworksBuildPhase;
			buildActionMask = 2147483647;
			files = (
				E0F259182E7884200094D14C /* FirebaseCore in Frameworks */,
				E0F2591A2E7884200094D14C /* FirebaseFirestore in Frameworks */,
			);
			runOnlyForDeploymentPostprocessing = 0;
		};
		E090AF632E189515008AC21A /* Frameworks */ = {
			isa = PBXFrameworksBuildPhase;
			buildActionMask = 2147483647;
			files = (
			);
			runOnlyForDeploymentPostprocessing = 0;
		};
/* End PBXFrameworksBuildPhase section */

/* Begin PBXGroup section */
		E090AF452E189514008AC21A = {
			isa = PBXGroup;
			children = (
				E090AF502E189514008AC21A /* FranAlonsoIA */,
				E090AF5F2E189515008AC21A /* FranAlonsoIATests */,
				E090AF692E189515008AC21A /* FranAlonsoIAUITests */,
				E090AF4F2E189514008AC21A /* Products */,
			);
			sourceTree = "<group>";
		};
		E090AF4F2E189514008AC21A /* Products */ = {
			isa = PBXGroup;
			children = (
				E090AF4E2E189514008AC21A /* FranAlonsoIA.app */,
				E090AF5C2E189515008AC21A /* FranAlonsoIATests.xctest */,
				E090AF662E189515008AC21A /* FranAlonsoIAUITests.xctest */,
			);
			name = Products;
			sourceTree = "<group>";
		};
/* End PBXGroup section */

/* Begin PBXNativeTarget section */
		E090AF4D2E189514008AC21A /* FranAlonsoIA */ = {
			isa = PBXNativeTarget;
			buildConfigurationList = E090AF702E189515008AC21A /* Build configuration list for PBXNativeTarget "FranAlonsoIA" */;
			buildPhases = (
				E090AF4A2E189514008AC21A /* Sources */,
				E090AF4B2E189514008AC21A /* Frameworks */,
				E090AF4C2E189514008AC21A /* Resources */,
			);
			buildRules = (
			);
			dependencies = (
			);
			fileSystemSynchronizedGroups = (
				E090AF502E189514008AC21A /* FranAlonsoIA */,
			);
			name = FranAlonsoIA;
			packageProductDependencies = (
				E08E819D2E736DF000FC8974 /* FirebaseAnalyticsCore */,
				E08E819F2E736DF000FC8974 /* FirebaseAnalyticsIdentitySupport */,
				E08E81A12E736DF000FC8974 /* FirebaseAuth */,
				E08E81A32E736DF000FC8974 /* FirebaseCore */,
				E08E81A52E736DF000FC8974 /* FirebaseCrashlytics */,
				E08E81A72E736DF000FC8974 /* FirebaseFirestore */,
				E08E81A92E736DF000FC8974 /* FirebaseStorage */,
			);
			productName = FranAlonsoIA;
			productReference = E090AF4E2E189514008AC21A /* FranAlonsoIA.app */;
			productType = "com.apple.product-type.application";
		};
		E090AF5B2E189515008AC21A /* FranAlonsoIATests */ = {
			isa = PBXNativeTarget;
			buildConfigurationList = E090AF732E189515008AC21A /* Build configuration list for PBXNativeTarget "FranAlonsoIATests" */;
			buildPhases = (
				E090AF582E189515008AC21A /* Sources */,
				E090AF592E189515008AC21A /* Frameworks */,
				E090AF5A2E189515008AC21A /* Resources */,
			);
			buildRules = (
			);
			dependencies = (
				E090AF5E2E189515008AC21A /* PBXTargetDependency */,
			);
			fileSystemSynchronizedGroups = (
				E090AF5F2E189515008AC21A /* FranAlonsoIATests */,
			);
			name = FranAlonsoIATests;
			packageProductDependencies = (
				E0F259172E7884200094D14C /* FirebaseCore */,
				E0F259192E7884200094D14C /* FirebaseFirestore */,
			);
			productName = FranAlonsoIATests;
			productReference = E090AF5C2E189515008AC21A /* FranAlonsoIATests.xctest */;
			productType = "com.apple.product-type.bundle.unit-test";
		};
		E090AF652E189515008AC21A /* FranAlonsoIAUITests */ = {
			isa = PBXNativeTarget;
			buildConfigurationList = E090AF762E189515008AC21A /* Build configuration list for PBXNativeTarget "FranAlonsoIAUITests" */;
			buildPhases = (
				E090AF622E189515008AC21A /* Sources */,
				E090AF632E189515008AC21A /* Frameworks */,
				E090AF642E189515008AC21A /* Resources */,
			);
			buildRules = (
			);
			dependencies = (
				E090AF682E189515008AC21A /* PBXTargetDependency */,
			);
			fileSystemSynchronizedGroups = (
				E090AF692E189515008AC21A /* FranAlonsoIAUITests */,
			);
			name = FranAlonsoIAUITests;
			packageProductDependencies = (
			);
			productName = FranAlonsoIAUITests;
			productReference = E090AF662E189515008AC21A /* FranAlonsoIAUITests.xctest */;
			productType = "com.apple.product-type.bundle.ui-testing";
		};
/* End PBXNativeTarget section */

/* Begin PBXProject section */
		E090AF462E189514008AC21A /* Project object */ = {
			isa = PBXProject;
			attributes = {
				BuildIndependentTargetsInParallel = 1;
				LastSwiftUpdateCheck = 1640;
				LastUpgradeCheck = 1640;
				TargetAttributes = {
					E090AF4D2E189514008AC21A = {
						CreatedOnToolsVersion = 16.4;
					};
					E090AF5B2E189515008AC21A = {
						CreatedOnToolsVersion = 16.4;
					};
					E090AF652E189515008AC21A = {
						CreatedOnToolsVersion = 16.4;
						TestTargetID = E090AF4D2E189514008AC21A;
					};
				};
			};
			buildConfigurationList = E090AF492E189514008AC21A /* Build configuration list for PBXProject "FranAlonsoIA" */;
			developmentRegion = en;
			hasScannedForEncodings = 0;
			knownRegions = (
				en,
				Base,
			);
			mainGroup = E090AF452E189514008AC21A;
			minimizedProjectReferenceProxies = 1;
			packageReferences = (
				E08E819C2E736DF000FC8974 /* XCRemoteSwiftPackageReference "firebase-ios-sdk" */,
			);
			preferredProjectObjectVersion = 77;
			productRefGroup = E090AF4F2E189514008AC21A /* Products */;
			projectDirPath = "";
			projectRoot = "";
			targets = (
				E090AF4D2E189514008AC21A /* FranAlonsoIA */,
				E090AF5B2E189515008AC21A /* FranAlonsoIATests */,
				E090AF652E189515008AC21A /* FranAlonsoIAUITests */,
			);
		};
/* End PBXProject section */

/* Begin PBXResourcesBuildPhase section */
		E090AF4C2E189514008AC21A /* Resources */ = {
			isa = PBXResourcesBuildPhase;
			buildActionMask = 2147483647;
			files = (
			);
			runOnlyForDeploymentPostprocessing = 0;
		};
		E090AF5A2E189515008AC21A /* Resources */ = {
			isa = PBXResourcesBuildPhase;
			buildActionMask = 2147483647;
			files = (
			);
			runOnlyForDeploymentPostprocessing = 0;
		};
		E090AF642E189515008AC21A /* Resources */ = {
			isa = PBXResourcesBuildPhase;
			buildActionMask = 2147483647;
			files = (
			);
			runOnlyForDeploymentPostprocessing = 0;
		};
/* End PBXResourcesBuildPhase section */

/* Begin PBXSourcesBuildPhase section */
		E090AF4A2E189514008AC21A /* Sources */ = {
			isa = PBXSourcesBuildPhase;
			buildActionMask = 2147483647;
			files = (
			);
			runOnlyForDeploymentPostprocessing = 0;
		};
		E090AF582E189515008AC21A /* Sources */ = {
			isa = PBXSourcesBuildPhase;
			buildActionMask = 2147483647;
			files = (
			);
			runOnlyForDeploymentPostprocessing = 0;
		};
		E090AF622E189515008AC21A /* Sources */ = {
			isa = PBXSourcesBuildPhase;
			buildActionMask = 2147483647;
			files = (
			);
			runOnlyForDeploymentPostprocessing = 0;
		};
/* End PBXSourcesBuildPhase section */

/* Begin PBXTargetDependency section */
		E090AF5E2E189515008AC21A /* PBXTargetDependency */ = {
			isa = PBXTargetDependency;
			target = E090AF4D2E189514008AC21A /* FranAlonsoIA */;
			targetProxy = E090AF5D2E189515008AC21A /* PBXContainerItemProxy */;
		};
		E090AF682E189515008AC21A /* PBXTargetDependency */ = {
			isa = PBXTargetDependency;
			target = E090AF4D2E189514008AC21A /* FranAlonsoIA */;
			targetProxy = E090AF672E189515008AC21A /* PBXContainerItemProxy */;
		};
/* End PBXTargetDependency section */

/* Begin XCBuildConfiguration section */
		E090AF6E2E189515008AC21A /* Debug */ = {
			isa = XCBuildConfiguration;
			buildSettings = {
				ALWAYS_SEARCH_USER_PATHS = NO;
				ASSETCATALOG_COMPILER_GENERATE_SWIFT_ASSET_SYMBOL_EXTENSIONS = YES;
				CLANG_ANALYZER_NONNULL = YES;
				CLANG_ANALYZER_NUMBER_OBJECT_CONVERSION = YES_AGGRESSIVE;
				CLANG_CXX_LANGUAGE_STANDARD = "gnu++20";
				CLANG_ENABLE_MODULES = YES;
				CLANG_ENABLE_OBJC_ARC = YES;
				CLANG_ENABLE_OBJC_WEAK = YES;
				CLANG_WARN_BLOCK_CAPTURE_AUTORELEASING = YES;
				CLANG_WARN_BOOL_CONVERSION = YES;
				CLANG_WARN_COMMA = YES;
				CLANG_WARN_CONSTANT_CONVERSION = YES;
				CLANG_WARN_DEPRECATED_OBJC_IMPLEMENTATIONS = YES;
				CLANG_WARN_DIRECT_OBJC_ISA_USAGE = YES_ERROR;
				CLANG_WARN_DOCUMENTATION_COMMENTS = YES;
				CLANG_WARN_EMPTY_BODY = YES;
				CLANG_WARN_ENUM_CONVERSION = YES;
				CLANG_WARN_INFINITE_RECURSION = YES;
				CLANG_WARN_INT_CONVERSION = YES;
				CLANG_WARN_NON_LITERAL_NULL_CONVERSION = YES;
				CLANG_WARN_OBJC_IMPLICIT_RETAIN_SELF = YES;
				CLANG_WARN_OBJC_LITERAL_CONVERSION = YES;
				CLANG_WARN_OBJC_ROOT_CLASS = YES_ERROR;
				CLANG_WARN_QUOTED_INCLUDE_IN_FRAMEWORK_HEADER = YES;
				CLANG_WARN_RANGE_LOOP_ANALYSIS = YES;
				CLANG_WARN_STRICT_PROTOTYPES = YES;
				CLANG_WARN_SUSPICIOUS_MOVE = YES;
				CLANG_WARN_UNGUARDED_AVAILABILITY = YES_AGGRESSIVE;
				CLANG_WARN_UNREACHABLE_CODE = YES;
				CLANG_WARN__DUPLICATE_METHOD_MATCH = YES;
				COPY_PHASE_STRIP = NO;
				DEBUG_INFORMATION_FORMAT = dwarf;
				DEVELOPMENT_TEAM = NWN8JUE438;
				ENABLE_STRICT_OBJC_MSGSEND = YES;
				ENABLE_TESTABILITY = YES;
				ENABLE_USER_SCRIPT_SANDBOXING = YES;
				GCC_C_LANGUAGE_STANDARD = gnu17;
				GCC_DYNAMIC_NO_PIC = NO;
				GCC_NO_COMMON_BLOCKS = YES;
				GCC_OPTIMIZATION_LEVEL = 0;
				GCC_PREPROCESSOR_DEFINITIONS = (
					"DEBUG=1",
					"$(inherited)",
				);
				GCC_WARN_64_TO_32_BIT_CONVERSION = YES;
				GCC_WARN_ABOUT_RETURN_TYPE = YES_ERROR;
				GCC_WARN_UNDECLARED_SELECTOR = YES;
				GCC_WARN_UNINITIALIZED_AUTOS = YES_AGGRESSIVE;
				GCC_WARN_UNUSED_FUNCTION = YES;
				GCC_WARN_UNUSED_VARIABLE = YES;
				LOCALIZATION_PREFERS_STRING_CATALOGS = YES;
				MTL_ENABLE_DEBUG_INFO = INCLUDE_SOURCE;
				MTL_FAST_MATH = YES;
				ONLY_ACTIVE_ARCH = YES;
				SWIFT_ACTIVE_COMPILATION_CONDITIONS = "DEBUG $(inherited)";
				SWIFT_OPTIMIZATION_LEVEL = "-Onone";
			};
			name = Debug;
		};
		E090AF6F2E189515008AC21A /* Release */ = {
			isa = XCBuildConfiguration;
			buildSettings = {
				ALWAYS_SEARCH_USER_PATHS = NO;
				ASSETCATALOG_COMPILER_GENERATE_SWIFT_ASSET_SYMBOL_EXTENSIONS = YES;
				CLANG_ANALYZER_NONNULL = YES;
				CLANG_ANALYZER_NUMBER_OBJECT_CONVERSION = YES_AGGRESSIVE;
				CLANG_CXX_LANGUAGE_STANDARD = "gnu++20";
				CLANG_ENABLE_MODULES = YES;
				CLANG_ENABLE_OBJC_ARC = YES;
				CLANG_ENABLE_OBJC_WEAK = YES;
				CLANG_WARN_BLOCK_CAPTURE_AUTORELEASING = YES;
				CLANG_WARN_BOOL_CONVERSION = YES;
				CLANG_WARN_COMMA = YES;
				CLANG_WARN_CONSTANT_CONVERSION = YES;
				CLANG_WARN_DEPRECATED_OBJC_IMPLEMENTATIONS = YES;
				CLANG_WARN_DIRECT_OBJC_ISA_USAGE = YES_ERROR;
				CLANG_WARN_DOCUMENTATION_COMMENTS = YES;
				CLANG_WARN_EMPTY_BODY = YES;
				CLANG_WARN_ENUM_CONVERSION = YES;
				CLANG_WARN_INFINITE_RECURSION = YES;
				CLANG_WARN_INT_CONVERSION = YES;
				CLANG_WARN_NON_LITERAL_NULL_CONVERSION = YES;
				CLANG_WARN_OBJC_IMPLICIT_RETAIN_SELF = YES;
				CLANG_WARN_OBJC_LITERAL_CONVERSION = YES;
				CLANG_WARN_OBJC_ROOT_CLASS = YES_ERROR;
				CLANG_WARN_QUOTED_INCLUDE_IN_FRAMEWORK_HEADER = YES;
				CLANG_WARN_RANGE_LOOP_ANALYSIS = YES;
				CLANG_WARN_STRICT_PROTOTYPES = YES;
				CLANG_WARN_SUSPICIOUS_MOVE = YES;
				CLANG_WARN_UNGUARDED_AVAILABILITY = YES_AGGRESSIVE;
				CLANG_WARN_UNREACHABLE_CODE = YES;
				CLANG_WARN__DUPLICATE_METHOD_MATCH = YES;
				COPY_PHASE_STRIP = NO;
				DEBUG_INFORMATION_FORMAT = "dwarf-with-dsym";
				DEVELOPMENT_TEAM = NWN8JUE438;
				ENABLE_NS_ASSERTIONS = NO;
				ENABLE_STRICT_OBJC_MSGSEND = YES;
				ENABLE_USER_SCRIPT_SANDBOXING = YES;
				GCC_C_LANGUAGE_STANDARD = gnu17;
				GCC_NO_COMMON_BLOCKS = YES;
				GCC_WARN_64_TO_32_BIT_CONVERSION = YES;
				GCC_WARN_ABOUT_RETURN_TYPE = YES_ERROR;
				GCC_WARN_UNDECLARED_SELECTOR = YES;
				GCC_WARN_UNINITIALIZED_AUTOS = YES_AGGRESSIVE;
				GCC_WARN_UNUSED_FUNCTION = YES;
				GCC_WARN_UNUSED_VARIABLE = YES;
				LOCALIZATION_PREFERS_STRING_CATALOGS = YES;
				MTL_ENABLE_DEBUG_INFO = NO;
				MTL_FAST_MATH = YES;
				SWIFT_COMPILATION_MODE = wholemodule;
			};
			name = Release;
		};
		E090AF712E189515008AC21A /* Debug */ = {
			isa = XCBuildConfiguration;
			buildSettings = {
				ASSETCATALOG_COMPILER_APPICON_NAME = AppIcon;
				ASSETCATALOG_COMPILER_GLOBAL_ACCENT_COLOR_NAME = AccentColor;
				CODE_SIGN_ENTITLEMENTS = FranAlonsoIA/FranAlonsoIA.entitlements;
				CODE_SIGN_STYLE = Automatic;
				CURRENT_PROJECT_VERSION = 1;
				DEVELOPMENT_ASSET_PATHS = "FranAlonsoIA/Preview\\ Content";
				DEVELOPMENT_TEAM = NWN8JUE438;
				ENABLE_HARDENED_RUNTIME = YES;
				ENABLE_PREVIEWS = YES;
				GENERATE_INFOPLIST_FILE = YES;
				INFOPLIST_KEY_CFBundleDisplayName = FranAlonso;
				INFOPLIST_KEY_LSApplicationCategoryType = "public.app-category.business";
				"INFOPLIST_KEY_UIApplicationSceneManifest_Generation[sdk=iphoneos*]" = YES;
				"INFOPLIST_KEY_UIApplicationSceneManifest_Generation[sdk=iphonesimulator*]" = YES;
				"INFOPLIST_KEY_UIApplicationSupportsIndirectInputEvents[sdk=iphoneos*]" = YES;
				"INFOPLIST_KEY_UIApplicationSupportsIndirectInputEvents[sdk=iphonesimulator*]" = YES;
				"INFOPLIST_KEY_UILaunchScreen_Generation[sdk=iphoneos*]" = YES;
				"INFOPLIST_KEY_UILaunchScreen_Generation[sdk=iphonesimulator*]" = YES;
				"INFOPLIST_KEY_UIStatusBarStyle[sdk=iphoneos*]" = UIStatusBarStyleDefault;
				"INFOPLIST_KEY_UIStatusBarStyle[sdk=iphonesimulator*]" = UIStatusBarStyleDefault;
				INFOPLIST_KEY_UISupportedInterfaceOrientations_iPad = "UIInterfaceOrientationPortrait UIInterfaceOrientationPortraitUpsideDown UIInterfaceOrientationLandscapeLeft UIInterfaceOrientationLandscapeRight";
				INFOPLIST_KEY_UISupportedInterfaceOrientations_iPhone = "UIInterfaceOrientationPortrait UIInterfaceOrientationLandscapeLeft UIInterfaceOrientationLandscapeRight";
				IPHONEOS_DEPLOYMENT_TARGET = 18.5;
				LD_RUNPATH_SEARCH_PATHS = "@executable_path/Frameworks";
				"LD_RUNPATH_SEARCH_PATHS[sdk=macosx*]" = "@executable_path/../Frameworks";
				MACOSX_DEPLOYMENT_TARGET = 15.5;
				MARKETING_VERSION = 0.1.0;
				PRODUCT_BUNDLE_IDENTIFIER = com.plusprojects.FranAlonsoIA;
				PRODUCT_NAME = "$(TARGET_NAME)";
				REGISTER_APP_GROUPS = YES;
				SDKROOT = auto;
				SUPPORTED_PLATFORMS = "iphoneos iphonesimulator";
				SUPPORTS_MACCATALYST = NO;
				SWIFT_ACTIVE_COMPILATION_CONDITIONS = "$(inherited) DEVELOP";
				SWIFT_EMIT_LOC_STRINGS = YES;
				SWIFT_VERSION = 5.0;
				TARGETED_DEVICE_FAMILY = "1,2";
				XROS_DEPLOYMENT_TARGET = 2.5;
			};
			name = Debug;
		};
		E090AF722E189515008AC21A /* Release */ = {
			isa = XCBuildConfiguration;
			buildSettings = {
				ASSETCATALOG_COMPILER_APPICON_NAME = AppIcon;
				ASSETCATALOG_COMPILER_GLOBAL_ACCENT_COLOR_NAME = AccentColor;
				CODE_SIGN_ENTITLEMENTS = FranAlonsoIA/FranAlonsoIA.entitlements;
				CODE_SIGN_STYLE = Automatic;
				CURRENT_PROJECT_VERSION = 1;
				DEVELOPMENT_ASSET_PATHS = "FranAlonsoIA/Preview\\ Content";
				DEVELOPMENT_TEAM = NWN8JUE438;
				ENABLE_HARDENED_RUNTIME = YES;
				ENABLE_PREVIEWS = YES;
				GENERATE_INFOPLIST_FILE = YES;
				INFOPLIST_KEY_CFBundleDisplayName = FranAlonso;
				INFOPLIST_KEY_LSApplicationCategoryType = "public.app-category.business";
				"INFOPLIST_KEY_UIApplicationSceneManifest_Generation[sdk=iphoneos*]" = YES;
				"INFOPLIST_KEY_UIApplicationSceneManifest_Generation[sdk=iphonesimulator*]" = YES;
				"INFOPLIST_KEY_UIApplicationSupportsIndirectInputEvents[sdk=iphoneos*]" = YES;
				"INFOPLIST_KEY_UIApplicationSupportsIndirectInputEvents[sdk=iphonesimulator*]" = YES;
				"INFOPLIST_KEY_UILaunchScreen_Generation[sdk=iphoneos*]" = YES;
				"INFOPLIST_KEY_UILaunchScreen_Generation[sdk=iphonesimulator*]" = YES;
				"INFOPLIST_KEY_UIStatusBarStyle[sdk=iphoneos*]" = UIStatusBarStyleDefault;
				"INFOPLIST_KEY_UIStatusBarStyle[sdk=iphonesimulator*]" = UIStatusBarStyleDefault;
				INFOPLIST_KEY_UISupportedInterfaceOrientations_iPad = "UIInterfaceOrientationPortrait UIInterfaceOrientationPortraitUpsideDown UIInterfaceOrientationLandscapeLeft UIInterfaceOrientationLandscapeRight";
				INFOPLIST_KEY_UISupportedInterfaceOrientations_iPhone = "UIInterfaceOrientationPortrait UIInterfaceOrientationLandscapeLeft UIInterfaceOrientationLandscapeRight";
				IPHONEOS_DEPLOYMENT_TARGET = 18.5;
				LD_RUNPATH_SEARCH_PATHS = "@executable_path/Frameworks";
				"LD_RUNPATH_SEARCH_PATHS[sdk=macosx*]" = "@executable_path/../Frameworks";
				MACOSX_DEPLOYMENT_TARGET = 15.5;
				MARKETING_VERSION = 0.1.0;
				PRODUCT_BUNDLE_IDENTIFIER = com.plusprojects.FranAlonsoIA;
				PRODUCT_NAME = "$(TARGET_NAME)";
				REGISTER_APP_GROUPS = YES;
				SDKROOT = auto;
				SUPPORTED_PLATFORMS = "iphoneos iphonesimulator";
				SUPPORTS_MACCATALYST = NO;
				SWIFT_ACTIVE_COMPILATION_CONDITIONS = PROD;
				SWIFT_EMIT_LOC_STRINGS = YES;
				SWIFT_VERSION = 5.0;
				TARGETED_DEVICE_FAMILY = "1,2";
				XROS_DEPLOYMENT_TARGET = 2.5;
			};
			name = Release;
		};
		E090AF742E189515008AC21A /* Debug */ = {
			isa = XCBuildConfiguration;
			buildSettings = {
				CODE_SIGN_STYLE = Automatic;
				CURRENT_PROJECT_VERSION = 1;
				DEVELOPMENT_TEAM = NWN8JUE438;
				GENERATE_INFOPLIST_FILE = YES;
				IPHONEOS_DEPLOYMENT_TARGET = 18.5;
				MACOSX_DEPLOYMENT_TARGET = 15.5;
				MARKETING_VERSION = 1.0;
				PRODUCT_BUNDLE_IDENTIFIER = com.plusprojects.FranAlonsoIATests;
				PRODUCT_NAME = "$(TARGET_NAME)";
				SDKROOT = auto;
				SUPPORTED_PLATFORMS = "iphoneos iphonesimulator";
				SUPPORTS_MACCATALYST = NO;
				SWIFT_EMIT_LOC_STRINGS = NO;
				SWIFT_VERSION = 5.0;
				TARGETED_DEVICE_FAMILY = "1,2";
				XROS_DEPLOYMENT_TARGET = 2.5;
			};
			name = Debug;
		};
		E090AF752E189515008AC21A /* Release */ = {
			isa = XCBuildConfiguration;
			buildSettings = {
				CODE_SIGN_STYLE = Automatic;
				CURRENT_PROJECT_VERSION = 1;
				DEVELOPMENT_TEAM = NWN8JUE438;
				GENERATE_INFOPLIST_FILE = YES;
				IPHONEOS_DEPLOYMENT_TARGET = 18.5;
				MACOSX_DEPLOYMENT_TARGET = 15.5;
				MARKETING_VERSION = 1.0;
				PRODUCT_BUNDLE_IDENTIFIER = com.plusprojects.FranAlonsoIATests;
				PRODUCT_NAME = "$(TARGET_NAME)";
				SDKROOT = auto;
				SUPPORTED_PLATFORMS = "iphoneos iphonesimulator";
				SUPPORTS_MACCATALYST = NO;
				SWIFT_EMIT_LOC_STRINGS = NO;
				SWIFT_VERSION = 5.0;
				TARGETED_DEVICE_FAMILY = "1,2";
				XROS_DEPLOYMENT_TARGET = 2.5;
			};
			name = Release;
		};
		E090AF772E189515008AC21A /* Debug */ = {
			isa = XCBuildConfiguration;
			buildSettings = {
				CODE_SIGN_STYLE = Automatic;
				CURRENT_PROJECT_VERSION = 1;
				DEVELOPMENT_TEAM = NWN8JUE438;
				GENERATE_INFOPLIST_FILE = YES;
				IPHONEOS_DEPLOYMENT_TARGET = 18.5;
				MACOSX_DEPLOYMENT_TARGET = 15.5;
				MARKETING_VERSION = 1.0;
				PRODUCT_BUNDLE_IDENTIFIER = com.plusprojects.FranAlonsoIAUITests;
				PRODUCT_NAME = "$(TARGET_NAME)";
				SDKROOT = auto;
				SUPPORTED_PLATFORMS = "iphoneos iphonesimulator macosx xros xrsimulator";
				SWIFT_EMIT_LOC_STRINGS = NO;
				SWIFT_VERSION = 5.0;
				TARGETED_DEVICE_FAMILY = "1,2,7";
				TEST_TARGET_NAME = FranAlonsoIA;
				XROS_DEPLOYMENT_TARGET = 2.5;
			};
			name = Debug;
		};
		E090AF782E189515008AC21A /* Release */ = {
			isa = XCBuildConfiguration;
			buildSettings = {
				CODE_SIGN_STYLE = Automatic;
				CURRENT_PROJECT_VERSION = 1;
				DEVELOPMENT_TEAM = NWN8JUE438;
				GENERATE_INFOPLIST_FILE = YES;
				IPHONEOS_DEPLOYMENT_TARGET = 18.5;
				MACOSX_DEPLOYMENT_TARGET = 15.5;
				MARKETING_VERSION = 1.0;
				PRODUCT_BUNDLE_IDENTIFIER = com.plusprojects.FranAlonsoIAUITests;
				PRODUCT_NAME = "$(TARGET_NAME)";
				SDKROOT = auto;
				SUPPORTED_PLATFORMS = "iphoneos iphonesimulator macosx xros xrsimulator";
				SWIFT_EMIT_LOC_STRINGS = NO;
				SWIFT_VERSION = 5.0;
				TARGETED_DEVICE_FAMILY = "1,2,7";
				TEST_TARGET_NAME = FranAlonsoIA;
				XROS_DEPLOYMENT_TARGET = 2.5;
			};
			name = Release;
		};
/* End XCBuildConfiguration section */

/* Begin XCConfigurationList section */
		E090AF492E189514008AC21A /* Build configuration list for PBXProject "FranAlonsoIA" */ = {
			isa = XCConfigurationList;
			buildConfigurations = (
				E090AF6E2E189515008AC21A /* Debug */,
				E090AF6F2E189515008AC21A /* Release */,
			);
			defaultConfigurationIsVisible = 0;
			defaultConfigurationName = Release;
		};
		E090AF702E189515008AC21A /* Build configuration list for PBXNativeTarget "FranAlonsoIA" */ = {
			isa = XCConfigurationList;
			buildConfigurations = (
				E090AF712E189515008AC21A /* Debug */,
				E090AF722E189515008AC21A /* Release */,
			);
			defaultConfigurationIsVisible = 0;
			defaultConfigurationName = Release;
		};
		E090AF732E189515008AC21A /* Build configuration list for PBXNativeTarget "FranAlonsoIATests" */ = {
			isa = XCConfigurationList;
			buildConfigurations = (
				E090AF742E189515008AC21A /* Debug */,
				E090AF752E189515008AC21A /* Release */,
			);
			defaultConfigurationIsVisible = 0;
			defaultConfigurationName = Release;
		};
		E090AF762E189515008AC21A /* Build configuration list for PBXNativeTarget "FranAlonsoIAUITests" */ = {
			isa = XCConfigurationList;
			buildConfigurations = (
				E090AF772E189515008AC21A /* Debug */,
				E090AF782E189515008AC21A /* Release */,
			);
			defaultConfigurationIsVisible = 0;
			defaultConfigurationName = Release;
		};
/* End XCConfigurationList section */

/* Begin XCRemoteSwiftPackageReference section */
		E08E819C2E736DF000FC8974 /* XCRemoteSwiftPackageReference "firebase-ios-sdk" */ = {
			isa = XCRemoteSwiftPackageReference;
			repositoryURL = "https://github.com/firebase/firebase-ios-sdk.git";
			requirement = {
				kind = upToNextMajorVersion;
				minimumVersion = 12.2.0;
			};
		};
/* End XCRemoteSwiftPackageReference section */

/* Begin XCSwiftPackageProductDependency section */
		E08E819D2E736DF000FC8974 /* FirebaseAnalyticsCore */ = {
			isa = XCSwiftPackageProductDependency;
			package = E08E819C2E736DF000FC8974 /* XCRemoteSwiftPackageReference "firebase-ios-sdk" */;
			productName = FirebaseAnalyticsCore;
		};
		E08E819F2E736DF000FC8974 /* FirebaseAnalyticsIdentitySupport */ = {
			isa = XCSwiftPackageProductDependency;
			package = E08E819C2E736DF000FC8974 /* XCRemoteSwiftPackageReference "firebase-ios-sdk" */;
			productName = FirebaseAnalyticsIdentitySupport;
		};
		E08E81A12E736DF000FC8974 /* FirebaseAuth */ = {
			isa = XCSwiftPackageProductDependency;
			package = E08E819C2E736DF000FC8974 /* XCRemoteSwiftPackageReference "firebase-ios-sdk" */;
			productName = FirebaseAuth;
		};
		E08E81A32E736DF000FC8974 /* FirebaseCore */ = {
			isa = XCSwiftPackageProductDependency;
			package = E08E819C2E736DF000FC8974 /* XCRemoteSwiftPackageReference "firebase-ios-sdk" */;
			productName = FirebaseCore;
		};
		E08E81A52E736DF000FC8974 /* FirebaseCrashlytics */ = {
			isa = XCSwiftPackageProductDependency;
			package = E08E819C2E736DF000FC8974 /* XCRemoteSwiftPackageReference "firebase-ios-sdk" */;
			productName = FirebaseCrashlytics;
		};
		E08E81A72E736DF000FC8974 /* FirebaseFirestore */ = {
			isa = XCSwiftPackageProductDependency;
			package = E08E819C2E736DF000FC8974 /* XCRemoteSwiftPackageReference "firebase-ios-sdk" */;
			productName = FirebaseFirestore;
		};
		E08E81A92E736DF000FC8974 /* FirebaseStorage */ = {
			isa = XCSwiftPackageProductDependency;
			package = E08E819C2E736DF000FC8974 /* XCRemoteSwiftPackageReference "firebase-ios-sdk" */;
			productName = FirebaseStorage;
		};
		E0F259172E7884200094D14C /* FirebaseCore */ = {
			isa = XCSwiftPackageProductDependency;
			package = E08E819C2E736DF000FC8974 /* XCRemoteSwiftPackageReference "firebase-ios-sdk" */;
			productName = FirebaseCore;
		};
		E0F259192E7884200094D14C /* FirebaseFirestore */ = {
			isa = XCSwiftPackageProductDependency;
			package = E08E819C2E736DF000FC8974 /* XCRemoteSwiftPackageReference "firebase-ios-sdk" */;
			productName = FirebaseFirestore;
		};
/* End XCSwiftPackageProductDependency section */
	};
	rootObject = E090AF462E189514008AC21A /* Project object */;
}
